
Microsoft Visual Studio Solution File, Format Version 12.00
# Visual Studio Version 16
VisualStudioVersion = 16.0.32630.194
MinimumVisualStudioVersion = 10.0.40219.1
Project("{FAE04EC0-301F-11D3-BF4B-00C04F79EFBC}") = "QLESS_Transport_Card", "QLESS_Transport_Card\QLESS_Transport_Card.csproj", "{0BFAB01F-5974-4291-96B2-7C4649169D40}"
EndProject
Project("{FAE04EC0-301F-11D3-BF4B-00C04F79EFBC}") = "Business.QLESS_Transport_Card", "Business.QLESS_Transport_Card\Business.QLESS_Transport_Card.csproj", "{D051C339-7279-417D-A821-2DB7806E84C4}"
EndProject
Global
	GlobalSection(SolutionConfigurationPlatforms) = preSolution
		Debug|Any CPU = Debug|Any CPU
		Release|Any CPU = Release|Any CPU
	EndGlobalSection
	GlobalSection(ProjectConfigurationPlatforms) = postSolution
		{0BFAB01F-5974-4291-96B2-7C4649169D40}.Debug|Any CPU.ActiveCfg = Debug|Any CPU
		{0BFAB01F-5974-4291-96B2-7C4649169D40}.Debug|Any CPU.Build.0 = Debug|Any CPU
		{0BFAB01F-5974-4291-96B2-7C4649169D40}.Release|Any CPU.ActiveCfg = Release|Any CPU
		{0BFAB01F-5974-4291-96B2-7C4649169D40}.Release|Any CPU.Build.0 = Release|Any CPU
		{D051C339-7279-417D-A821-2DB7806E84C4}.Debug|Any CPU.ActiveCfg = Debug|Any CPU
		{D051C339-7279-417D-A821-2DB7806E84C4}.Debug|Any CPU.Build.0 = Debug|Any CPU
		{D051C339-7279-417D-A821-2DB7806E84C4}.Release|Any CPU.ActiveCfg = Release|Any CPU
		{D051C339-7279-417D-A821-2DB7806E84C4}.Release|Any CPU.Build.0 = Release|Any CPU
	EndGlobalSection
	GlobalSection(SolutionProperties) = preSolution
		HideSolutionNode = FALSE
	EndGlobalSection
	GlobalSection(ExtensibilityGlobals) = postSolution
		SolutionGuid = {B50C15A3-2A7A-419D-89B4-32FC10B4F929}
	EndGlobalSection
EndGlobal
